
Microsoft Visual Studio Solution File, Format Version 12.00
# Visual Studio Version 16
VisualStudioVersion = 16.0.32413.511
MinimumVisualStudioVersion = 10.0.40219.1
Project("{FAE04EC0-301F-11D3-BF4B-00C04F79EFBC}") = "ReactNumberAdded", "ReactNumberAdded\ReactNumberAdded.csproj", "{CC42C702-8CE0-481B-B9D1-E530BC65FBE4}"
EndProject
Global
	GlobalSection(SolutionConfigurationPlatforms) = preSolution
		Debug|Any CPU = Debug|Any CPU
		Release|Any CPU = Release|Any CPU
	EndGlobalSection
	GlobalSection(ProjectConfigurationPlatforms) = postSolution
		{CC42C702-8CE0-481B-B9D1-E530BC65FBE4}.Debug|Any CPU.ActiveCfg = Debug|Any CPU
		{CC42C702-8CE0-481B-B9D1-E530BC65FBE4}.Debug|Any CPU.Build.0 = Debug|Any CPU
		{CC42C702-8CE0-481B-B9D1-E530BC65FBE4}.Release|Any CPU.ActiveCfg = Release|Any CPU
		{CC42C702-8CE0-481B-B9D1-E530BC65FBE4}.Release|Any CPU.Build.0 = Release|Any CPU
	EndGlobalSection
	GlobalSection(SolutionProperties) = preSolution
		HideSolutionNode = FALSE
	EndGlobalSection
	GlobalSection(ExtensibilityGlobals) = postSolution
		SolutionGuid = {426FE76A-BC67-446C-A029-5AFCB145D537}
	EndGlobalSection
EndGlobal
